// !$*UTF8*$!
{
	archiveVersion = 1;
	classes = {
	};
	objectVersion = 48;
	objects = {

/* Begin PBXBuildFile section */
		D68956EC1FFF89BE00601423 /* AppDelegate.swift in Sources */ = {isa = PBXBuildFile; fileRef = D68956EB1FFF89BE00601423 /* AppDelegate.swift */; };
		D68956EE1FFF89BE00601423 /* ViewController.swift in Sources */ = {isa = PBXBuildFile; fileRef = D68956ED1FFF89BE00601423 /* ViewController.swift */; };
		D68956F11FFF89BE00601423 /* Main.storyboard in Resources */ = {isa = PBXBuildFile; fileRef = D68956EF1FFF89BE00601423 /* Main.storyboard */; };
		D68956F31FFF89BE00601423 /* Assets.xcassets in Resources */ = {isa = PBXBuildFile; fileRef = D68956F21FFF89BE00601423 /* Assets.xcassets */; };
		D68956F61FFF89BE00601423 /* LaunchScreen.storyboard in Resources */ = {isa = PBXBuildFile; fileRef = D68956F41FFF89BE00601423 /* LaunchScreen.storyboard */; };
		D68957011FFF89BE00601423 /* PingTestTests.swift in Sources */ = {isa = PBXBuildFile; fileRef = D68957001FFF89BE00601423 /* PingTestTests.swift */; };
		D689570C1FFF89BE00601423 /* PingTestUITests.swift in Sources */ = {isa = PBXBuildFile; fileRef = D689570B1FFF89BE00601423 /* PingTestUITests.swift */; };
		D6895C811FFF8AA900601423 /* libpingppcore.a in Frameworks */ = {isa = PBXBuildFile; fileRef = D6895B4C1FFF8AA800601423 /* libpingppcore.a */; };
		D6895C821FFF8AA900601423 /* Pingpp.bundle in Resources */ = {isa = PBXBuildFile; fileRef = D6895B4E1FFF8AA800601423 /* Pingpp.bundle */; };
		D6895C831FFF8AA900601423 /* libpingpp+network.a in Frameworks */ = {isa = PBXBuildFile; fileRef = D6895B521FFF8AA800601423 /* libpingpp+network.a */; };
		D6895C841FFF8AA900601423 /* libpingpp+webview.a in Frameworks */ = {isa = PBXBuildFile; fileRef = D6895B541FFF8AA800601423 /* libpingpp+webview.a */; };
		D6895C851FFF8AA900601423 /* libpingpp+one.a in Frameworks */ = {isa = PBXBuildFile; fileRef = D6895B571FFF8AA800601423 /* libpingpp+one.a */; };
		D6895D571FFF8AAA00601423 /* libpingpp+qqwallet.a in Frameworks */ = {isa = PBXBuildFile; fileRef = D6895C701FFF8AA900601423 /* libpingpp+qqwallet.a */; };
		D6895D5B1FFF8AAA00601423 /* AlipaySDK.bundle in Resources */ = {isa = PBXBuildFile; fileRef = D6895C781FFF8AA900601423 /* AlipaySDK.bundle */; };
		D6895D5C1FFF8AAA00601423 /* libpingpp+alipay.a in Frameworks */ = {isa = PBXBuildFile; fileRef = D6895C791FFF8AA900601423 /* libpingpp+alipay.a */; };
		D6895D5D1FFF8AAA00601423 /* AlipaySDK.framework in Frameworks */ = {isa = PBXBuildFile; fileRef = D6895C7A1FFF8AA900601423 /* AlipaySDK.framework */; };
		D6895D601FFF8AAA00601423 /* libpingpp+up.a in Frameworks */ = {isa = PBXBuildFile; fileRef = D6895C7F1FFF8AA900601423 /* libpingpp+up.a */; };
		D6895D611FFF8AAA00601423 /* libPaymentControl.a in Frameworks */ = {isa = PBXBuildFile; fileRef = D6895C801FFF8AA900601423 /* libPaymentControl.a */; };
		D6895D641FFF8AF100601423 /* CFNetwork.framework in Frameworks */ = {isa = PBXBuildFile; fileRef = D6895D631FFF8AF100601423 /* CFNetwork.framework */; };
		D6895D661FFF8AFD00601423 /* SystemConfiguration.framework in Frameworks */ = {isa = PBXBuildFile; fileRef = D6895D651FFF8AFD00601423 /* SystemConfiguration.framework */; };
		D6895D681FFF8B0800601423 /* Security.framework in Frameworks */ = {isa = PBXBuildFile; fileRef = D6895D671FFF8B0800601423 /* Security.framework */; };
		D6895D6A1FFF8B1200601423 /* QuartzCore.framework in Frameworks */ = {isa = PBXBuildFile; fileRef = D6895D691FFF8B1200601423 /* QuartzCore.framework */; };
		D6895D6C1FFF8B1D00601423 /* CoreTelephony.framework in Frameworks */ = {isa = PBXBuildFile; fileRef = D6895D6B1FFF8B1D00601423 /* CoreTelephony.framework */; };
		D6895D6E1FFF8B2700601423 /* libc++.tbd in Frameworks */ = {isa = PBXBuildFile; fileRef = D6895D6D1FFF8B2700601423 /* libc++.tbd */; };
		D6895D701FFF8B3000601423 /* libz.tbd in Frameworks */ = {isa = PBXBuildFile; fileRef = D6895D6F1FFF8B3000601423 /* libz.tbd */; };
		D6895D721FFF8B3A00601423 /* libsqlite3.0.tbd in Frameworks */ = {isa = PBXBuildFile; fileRef = D6895D711FFF8B3A00601423 /* libsqlite3.0.tbd */; };
		D6895D741FFF8B4200601423 /* libstdc++.tbd in Frameworks */ = {isa = PBXBuildFile; fileRef = D6895D731FFF8B4200601423 /* libstdc++.tbd */; };
		D6895D761FFF8B4C00601423 /* CoreMotion.framework in Frameworks */ = {isa = PBXBuildFile; fileRef = D6895D751FFF8B4C00601423 /* CoreMotion.framework */; };
		D6895D781FFF8B5800601423 /* CoreLocation.framework in Frameworks */ = {isa = PBXBuildFile; fileRef = D6895D771FFF8B5800601423 /* CoreLocation.framework */; };
/* End PBXBuildFile section */

/* Begin PBXContainerItemProxy section */
		D68956FD1FFF89BE00601423 /* PBXContainerItemProxy */ = {
			isa = PBXContainerItemProxy;
			containerPortal = D68956E01FFF89BE00601423 /* Project object */;
			proxyType = 1;
			remoteGlobalIDString = D68956E71FFF89BE00601423;
			remoteInfo = PingTest;
		};
		D68957081FFF89BE00601423 /* PBXContainerItemProxy */ = {
			isa = PBXContainerItemProxy;
			containerPortal = D68956E01FFF89BE00601423 /* Project object */;
			proxyType = 1;
			remoteGlobalIDString = D68956E71FFF89BE00601423;
			remoteInfo = PingTest;
		};
/* End PBXContainerItemProxy section */

/* Begin PBXFileReference section */
		D68956E81FFF89BE00601423 /* PingTest.app */ = {isa = PBXFileReference; explicitFileType = wrapper.application; includeInIndex = 0; path = PingTest.app; sourceTree = BUILT_PRODUCTS_DIR; };
		D68956EB1FFF89BE00601423 /* AppDelegate.swift */ = {isa = PBXFileReference; lastKnownFileType = sourcecode.swift; path = AppDelegate.swift; sourceTree = "<group>"; };
		D68956ED1FFF89BE00601423 /* ViewController.swift */ = {isa = PBXFileReference; lastKnownFileType = sourcecode.swift; path = ViewController.swift; sourceTree = "<group>"; };
		D68956F01FFF89BE00601423 /* Base */ = {isa = PBXFileReference; lastKnownFileType = file.storyboard; name = Base; path = Base.lproj/Main.storyboard; sourceTree = "<group>"; };
		D68956F21FFF89BE00601423 /* Assets.xcassets */ = {isa = PBXFileReference; lastKnownFileType = folder.assetcatalog; path = Assets.xcassets; sourceTree = "<group>"; };
		D68956F51FFF89BE00601423 /* Base */ = {isa = PBXFileReference; lastKnownFileType = file.storyboard; name = Base; path = Base.lproj/LaunchScreen.storyboard; sourceTree = "<group>"; };
		D68956F71FFF89BE00601423 /* Info.plist */ = {isa = PBXFileReference; lastKnownFileType = text.plist.xml; path = Info.plist; sourceTree = "<group>"; };
		D68956FC1FFF89BE00601423 /* PingTestTests.xctest */ = {isa = PBXFileReference; explicitFileType = wrapper.cfbundle; includeInIndex = 0; path = PingTestTests.xctest; sourceTree = BUILT_PRODUCTS_DIR; };
		D68957001FFF89BE00601423 /* PingTestTests.swift */ = {isa = PBXFileReference; lastKnownFileType = sourcecode.swift; path = PingTestTests.swift; sourceTree = "<group>"; };
		D68957021FFF89BE00601423 /* Info.plist */ = {isa = PBXFileReference; lastKnownFileType = text.plist.xml; path = Info.plist; sourceTree = "<group>"; };
		D68957071FFF89BE00601423 /* PingTestUITests.xctest */ = {isa = PBXFileReference; explicitFileType = wrapper.cfbundle; includeInIndex = 0; path = PingTestUITests.xctest; sourceTree = BUILT_PRODUCTS_DIR; };
		D689570B1FFF89BE00601423 /* PingTestUITests.swift */ = {isa = PBXFileReference; lastKnownFileType = sourcecode.swift; path = PingTestUITests.swift; sourceTree = "<group>"; };
		D689570D1FFF89BE00601423 /* Info.plist */ = {isa = PBXFileReference; lastKnownFileType = text.plist.xml; path = Info.plist; sourceTree = "<group>"; };
		D68957191FFF89FF00601423 /* PingTest-Bridging-Header.h */ = {isa = PBXFileReference; lastKnownFileType = sourcecode.c.h; path = "PingTest-Bridging-Header.h"; sourceTree = "<group>"; };
		D6895B4C1FFF8AA800601423 /* libpingppcore.a */ = {isa = PBXFileReference; lastKnownFileType = archive.ar; path = libpingppcore.a; sourceTree = "<group>"; };
		D6895B4D1FFF8AA800601423 /* Pingpp.h */ = {isa = PBXFileReference; fileEncoding = 4; lastKnownFileType = sourcecode.c.h; path = Pingpp.h; sourceTree = "<group>"; };
		D6895B4E1FFF8AA800601423 /* Pingpp.bundle */ = {isa = PBXFileReference; lastKnownFileType = "wrapper.plug-in"; path = Pingpp.bundle; sourceTree = "<group>"; };
		D6895B511FFF8AA800601423 /* PingppURLResponse.h */ = {isa = PBXFileReference; fileEncoding = 4; lastKnownFileType = sourcecode.c.h; path = PingppURLResponse.h; sourceTree = "<group>"; };
		D6895B521FFF8AA800601423 /* libpingpp+network.a */ = {isa = PBXFileReference; lastKnownFileType = archive.ar; path = "libpingpp+network.a"; sourceTree = "<group>"; };
		D6895B541FFF8AA800601423 /* libpingpp+webview.a */ = {isa = PBXFileReference; lastKnownFileType = archive.ar; path = "libpingpp+webview.a"; sourceTree = "<group>"; };
		D6895B561FFF8AA800601423 /* Pingpp+One.h */ = {isa = PBXFileReference; fileEncoding = 4; lastKnownFileType = sourcecode.c.h; path = "Pingpp+One.h"; sourceTree = "<group>"; };
		D6895B571FFF8AA800601423 /* libpingpp+one.a */ = {isa = PBXFileReference; lastKnownFileType = archive.ar; path = "libpingpp+one.a"; sourceTree = "<group>"; };
		D6895C701FFF8AA900601423 /* libpingpp+qqwallet.a */ = {isa = PBXFileReference; lastKnownFileType = archive.ar; path = "libpingpp+qqwallet.a"; sourceTree = "<group>"; };
		D6895C781FFF8AA900601423 /* AlipaySDK.bundle */ = {isa = PBXFileReference; lastKnownFileType = "wrapper.plug-in"; path = AlipaySDK.bundle; sourceTree = "<group>"; };
		D6895C791FFF8AA900601423 /* libpingpp+alipay.a */ = {isa = PBXFileReference; lastKnownFileType = archive.ar; path = "libpingpp+alipay.a"; sourceTree = "<group>"; };
		D6895C7A1FFF8AA900601423 /* AlipaySDK.framework */ = {isa = PBXFileReference; lastKnownFileType = wrapper.framework; path = AlipaySDK.framework; sourceTree = "<group>"; };
		D6895C7F1FFF8AA900601423 /* libpingpp+up.a */ = {isa = PBXFileReference; lastKnownFileType = archive.ar; path = "libpingpp+up.a"; sourceTree = "<group>"; };
		D6895C801FFF8AA900601423 /* libPaymentControl.a */ = {isa = PBXFileReference; lastKnownFileType = archive.ar; path = libPaymentControl.a; sourceTree = "<group>"; };
		D6895D631FFF8AF100601423 /* CFNetwork.framework */ = {isa = PBXFileReference; lastKnownFileType = wrapper.framework; name = CFNetwork.framework; path = System/Library/Frameworks/CFNetwork.framework; sourceTree = SDKROOT; };
		D6895D651FFF8AFD00601423 /* SystemConfiguration.framework */ = {isa = PBXFileReference; lastKnownFileType = wrapper.framework; name = SystemConfiguration.framework; path = System/Library/Frameworks/SystemConfiguration.framework; sourceTree = SDKROOT; };
		D6895D671FFF8B0800601423 /* Security.framework */ = {isa = PBXFileReference; lastKnownFileType = wrapper.framework; name = Security.framework; path = System/Library/Frameworks/Security.framework; sourceTree = SDKROOT; };
		D6895D691FFF8B1200601423 /* QuartzCore.framework */ = {isa = PBXFileReference; lastKnownFileType = wrapper.framework; name = QuartzCore.framework; path = System/Library/Frameworks/QuartzCore.framework; sourceTree = SDKROOT; };
		D6895D6B1FFF8B1D00601423 /* CoreTelephony.framework */ = {isa = PBXFileReference; lastKnownFileType = wrapper.framework; name = CoreTelephony.framework; path = System/Library/Frameworks/CoreTelephony.framework; sourceTree = SDKROOT; };
		D6895D6D1FFF8B2700601423 /* libc++.tbd */ = {isa = PBXFileReference; lastKnownFileType = "sourcecode.text-based-dylib-definition"; name = "libc++.tbd"; path = "usr/lib/libc++.tbd"; sourceTree = SDKROOT; };
		D6895D6F1FFF8B3000601423 /* libz.tbd */ = {isa = PBXFileReference; lastKnownFileType = "sourcecode.text-based-dylib-definition"; name = libz.tbd; path = usr/lib/libz.tbd; sourceTree = SDKROOT; };
		D6895D711FFF8B3A00601423 /* libsqlite3.0.tbd */ = {isa = PBXFileReference; lastKnownFileType = "sourcecode.text-based-dylib-definition"; name = libsqlite3.0.tbd; path = usr/lib/libsqlite3.0.tbd; sourceTree = SDKROOT; };
		D6895D731FFF8B4200601423 /* libstdc++.tbd */ = {isa = PBXFileReference; lastKnownFileType = "sourcecode.text-based-dylib-definition"; name = "libstdc++.tbd"; path = "usr/lib/libstdc++.tbd"; sourceTree = SDKROOT; };
		D6895D751FFF8B4C00601423 /* CoreMotion.framework */ = {isa = PBXFileReference; lastKnownFileType = wrapper.framework; name = CoreMotion.framework; path = System/Library/Frameworks/CoreMotion.framework; sourceTree = SDKROOT; };
		D6895D771FFF8B5800601423 /* CoreLocation.framework */ = {isa = PBXFileReference; lastKnownFileType = wrapper.framework; name = CoreLocation.framework; path = System/Library/Frameworks/CoreLocation.framework; sourceTree = SDKROOT; };
/* End PBXFileReference section */

/* Begin PBXFrameworksBuildPhase section */
		D68956E51FFF89BE00601423 /* Frameworks */ = {
			isa = PBXFrameworksBuildPhase;
			buildActionMask = 2147483647;
			files = (
				D6895D781FFF8B5800601423 /* CoreLocation.framework in Frameworks */,
				D6895D761FFF8B4C00601423 /* CoreMotion.framework in Frameworks */,
				D6895D741FFF8B4200601423 /* libstdc++.tbd in Frameworks */,
				D6895D721FFF8B3A00601423 /* libsqlite3.0.tbd in Frameworks */,
				D6895D701FFF8B3000601423 /* libz.tbd in Frameworks */,
				D6895D6E1FFF8B2700601423 /* libc++.tbd in Frameworks */,
				D6895D6C1FFF8B1D00601423 /* CoreTelephony.framework in Frameworks */,
				D6895D6A1FFF8B1200601423 /* QuartzCore.framework in Frameworks */,
				D6895D681FFF8B0800601423 /* Security.framework in Frameworks */,
				D6895D661FFF8AFD00601423 /* SystemConfiguration.framework in Frameworks */,
				D6895D641FFF8AF100601423 /* CFNetwork.framework in Frameworks */,
				D6895C851FFF8AA900601423 /* libpingpp+one.a in Frameworks */,
				D6895C831FFF8AA900601423 /* libpingpp+network.a in Frameworks */,
				D6895D5D1FFF8AAA00601423 /* AlipaySDK.framework in Frameworks */,
				D6895D611FFF8AAA00601423 /* libPaymentControl.a in Frameworks */,
				D6895D601FFF8AAA00601423 /* libpingpp+up.a in Frameworks */,
				D6895D5C1FFF8AAA00601423 /* libpingpp+alipay.a in Frameworks */,
				D6895C811FFF8AA900601423 /* libpingppcore.a in Frameworks */,
				D6895C841FFF8AA900601423 /* libpingpp+webview.a in Frameworks */,
				D6895D571FFF8AAA00601423 /* libpingpp+qqwallet.a in Frameworks */,
			);
			runOnlyForDeploymentPostprocessing = 0;
		};
		D68956F91FFF89BE00601423 /* Frameworks */ = {
			isa = PBXFrameworksBuildPhase;
			buildActionMask = 2147483647;
			files = (
			);
			runOnlyForDeploymentPostprocessing = 0;
		};
		D68957041FFF89BE00601423 /* Frameworks */ = {
			isa = PBXFrameworksBuildPhase;
			buildActionMask = 2147483647;
			files = (
			);
			runOnlyForDeploymentPostprocessing = 0;
		};
/* End PBXFrameworksBuildPhase section */

/* Begin PBXGroup section */
		D68956DF1FFF89BE00601423 = {
			isa = PBXGroup;
			children = (
				D68956EA1FFF89BE00601423 /* PingTest */,
				D68956FF1FFF89BE00601423 /* PingTestTests */,
				D689570A1FFF89BE00601423 /* PingTestUITests */,
				D68956E91FFF89BE00601423 /* Products */,
				D6895D621FFF8AF000601423 /* Frameworks */,
			);
			sourceTree = "<group>";
		};
		D68956E91FFF89BE00601423 /* Products */ = {
			isa = PBXGroup;
			children = (
				D68956E81FFF89BE00601423 /* PingTest.app */,
				D68956FC1FFF89BE00601423 /* PingTestTests.xctest */,
				D68957071FFF89BE00601423 /* PingTestUITests.xctest */,
			);
			name = Products;
			sourceTree = "<group>";
		};
		D68956EA1FFF89BE00601423 /* PingTest */ = {
			isa = PBXGroup;
			children = (
				D6895B4B1FFF8AA800601423 /* lib */,
				D68956EB1FFF89BE00601423 /* AppDelegate.swift */,
				D68956ED1FFF89BE00601423 /* ViewController.swift */,
				D68956EF1FFF89BE00601423 /* Main.storyboard */,
				D68956F21FFF89BE00601423 /* Assets.xcassets */,
				D68956F41FFF89BE00601423 /* LaunchScreen.storyboard */,
				D68956F71FFF89BE00601423 /* Info.plist */,
				D68957191FFF89FF00601423 /* PingTest-Bridging-Header.h */,
			);
			path = PingTest;
			sourceTree = "<group>";
		};
		D68956FF1FFF89BE00601423 /* PingTestTests */ = {
			isa = PBXGroup;
			children = (
				D68957001FFF89BE00601423 /* PingTestTests.swift */,
				D68957021FFF89BE00601423 /* Info.plist */,
			);
			path = PingTestTests;
			sourceTree = "<group>";
		};
		D689570A1FFF89BE00601423 /* PingTestUITests */ = {
			isa = PBXGroup;
			children = (
				D689570B1FFF89BE00601423 /* PingTestUITests.swift */,
				D689570D1FFF89BE00601423 /* Info.plist */,
			);
			path = PingTestUITests;
			sourceTree = "<group>";
		};
		D6895B4B1FFF8AA800601423 /* lib */ = {
			isa = PBXGroup;
			children = (
				D6895B4C1FFF8AA800601423 /* libpingppcore.a */,
				D6895B4D1FFF8AA800601423 /* Pingpp.h */,
				D6895B4E1FFF8AA800601423 /* Pingpp.bundle */,
				D6895B4F1FFF8AA800601423 /* Dependencies */,
				D6895B551FFF8AA800601423 /* One */,
				D6895B581FFF8AA800601423 /* Channels */,
			);
			path = lib;
			sourceTree = "<group>";
		};
		D6895B4F1FFF8AA800601423 /* Dependencies */ = {
			isa = PBXGroup;
			children = (
				D6895B501FFF8AA800601423 /* Network */,
				D6895B531FFF8AA800601423 /* WebView */,
			);
			path = Dependencies;
			sourceTree = "<group>";
		};
		D6895B501FFF8AA800601423 /* Network */ = {
			isa = PBXGroup;
			children = (
				D6895B511FFF8AA800601423 /* PingppURLResponse.h */,
				D6895B521FFF8AA800601423 /* libpingpp+network.a */,
			);
			path = Network;
			sourceTree = "<group>";
		};
		D6895B531FFF8AA800601423 /* WebView */ = {
			isa = PBXGroup;
			children = (
				D6895B541FFF8AA800601423 /* libpingpp+webview.a */,
			);
			path = WebView;
			sourceTree = "<group>";
		};
		D6895B551FFF8AA800601423 /* One */ = {
			isa = PBXGroup;
			children = (
				D6895B561FFF8AA800601423 /* Pingpp+One.h */,
				D6895B571FFF8AA800601423 /* libpingpp+one.a */,
			);
			path = One;
			sourceTree = "<group>";
		};
		D6895B581FFF8AA800601423 /* Channels */ = {
			isa = PBXGroup;
			children = (
				D6895C6F1FFF8AA900601423 /* QQWallet */,
				D6895C771FFF8AA900601423 /* Alipay */,
				D6895C7E1FFF8AA900601423 /* UnionPay */,
			);
			path = Channels;
			sourceTree = "<group>";
		};
		D6895C6F1FFF8AA900601423 /* QQWallet */ = {
			isa = PBXGroup;
			children = (
				D6895C701FFF8AA900601423 /* libpingpp+qqwallet.a */,
			);
			path = QQWallet;
			sourceTree = "<group>";
		};
		D6895C771FFF8AA900601423 /* Alipay */ = {
			isa = PBXGroup;
			children = (
				D6895C781FFF8AA900601423 /* AlipaySDK.bundle */,
				D6895C791FFF8AA900601423 /* libpingpp+alipay.a */,
				D6895C7A1FFF8AA900601423 /* AlipaySDK.framework */,
			);
			path = Alipay;
			sourceTree = "<group>";
		};
		D6895C7E1FFF8AA900601423 /* UnionPay */ = {
			isa = PBXGroup;
			children = (
				D6895C7F1FFF8AA900601423 /* libpingpp+up.a */,
				D6895C801FFF8AA900601423 /* libPaymentControl.a */,
			);
			path = UnionPay;
			sourceTree = "<group>";
		};
		D6895D621FFF8AF000601423 /* Frameworks */ = {
			isa = PBXGroup;
			children = (
				D6895D771FFF8B5800601423 /* CoreLocation.framework */,
				D6895D751FFF8B4C00601423 /* CoreMotion.framework */,
				D6895D731FFF8B4200601423 /* libstdc++.tbd */,
				D6895D711FFF8B3A00601423 /* libsqlite3.0.tbd */,
				D6895D6F1FFF8B3000601423 /* libz.tbd */,
				D6895D6D1FFF8B2700601423 /* libc++.tbd */,
				D6895D6B1FFF8B1D00601423 /* CoreTelephony.framework */,
				D6895D691FFF8B1200601423 /* QuartzCore.framework */,
				D6895D671FFF8B0800601423 /* Security.framework */,
				D6895D651FFF8AFD00601423 /* SystemConfiguration.framework */,
				D6895D631FFF8AF100601423 /* CFNetwork.framework */,
			);
			name = Frameworks;
			sourceTree = "<group>";
		};
/* End PBXGroup section */

/* Begin PBXNativeTarget section */
		D68956E71FFF89BE00601423 /* PingTest */ = {
			isa = PBXNativeTarget;
			buildConfigurationList = D68957101FFF89BE00601423 /* Build configuration list for PBXNativeTarget "PingTest" */;
			buildPhases = (
				D68956E41FFF89BE00601423 /* Sources */,
				D68956E51FFF89BE00601423 /* Frameworks */,
				D68956E61FFF89BE00601423 /* Resources */,
			);
			buildRules = (
			);
			dependencies = (
			);
			name = PingTest;
			productName = PingTest;
			productReference = D68956E81FFF89BE00601423 /* PingTest.app */;
			productType = "com.apple.product-type.application";
		};
		D68956FB1FFF89BE00601423 /* PingTestTests */ = {
			isa = PBXNativeTarget;
			buildConfigurationList = D68957131FFF89BE00601423 /* Build configuration list for PBXNativeTarget "PingTestTests" */;
			buildPhases = (
				D68956F81FFF89BE00601423 /* Sources */,
				D68956F91FFF89BE00601423 /* Frameworks */,
				D68956FA1FFF89BE00601423 /* Resources */,
			);
			buildRules = (
			);
			dependencies = (
				D68956FE1FFF89BE00601423 /* PBXTargetDependency */,
			);
			name = PingTestTests;
			productName = PingTestTests;
			productReference = D68956FC1FFF89BE00601423 /* PingTestTests.xctest */;
			productType = "com.apple.product-type.bundle.unit-test";
		};
		D68957061FFF89BE00601423 /* PingTestUITests */ = {
			isa = PBXNativeTarget;
			buildConfigurationList = D68957161FFF89BE00601423 /* Build configuration list for PBXNativeTarget "PingTestUITests" */;
			buildPhases = (
				D68957031FFF89BE00601423 /* Sources */,
				D68957041FFF89BE00601423 /* Frameworks */,
				D68957051FFF89BE00601423 /* Resources */,
			);
			buildRules = (
			);
			dependencies = (
				D68957091FFF89BE00601423 /* PBXTargetDependency */,
			);
			name = PingTestUITests;
			productName = PingTestUITests;
			productReference = D68957071FFF89BE00601423 /* PingTestUITests.xctest */;
			productType = "com.apple.product-type.bundle.ui-testing";
		};
/* End PBXNativeTarget section */

/* Begin PBXProject section */
		D68956E01FFF89BE00601423 /* Project object */ = {
			isa = PBXProject;
			attributes = {
				LastSwiftUpdateCheck = 0920;
				LastUpgradeCheck = 0920;
				ORGANIZATIONNAME = "赵宏亚";
				TargetAttributes = {
					D68956E71FFF89BE00601423 = {
						CreatedOnToolsVersion = 9.2;
						LastSwiftMigration = 0920;
						ProvisioningStyle = Automatic;
					};
					D68956FB1FFF89BE00601423 = {
						CreatedOnToolsVersion = 9.2;
						ProvisioningStyle = Automatic;
						TestTargetID = D68956E71FFF89BE00601423;
					};
					D68957061FFF89BE00601423 = {
						CreatedOnToolsVersion = 9.2;
						ProvisioningStyle = Automatic;
						TestTargetID = D68956E71FFF89BE00601423;
					};
				};
			};
			buildConfigurationList = D68956E31FFF89BE00601423 /* Build configuration list for PBXProject "PingTest" */;
			compatibilityVersion = "Xcode 8.0";
			developmentRegion = en;
			hasScannedForEncodings = 0;
			knownRegions = (
				en,
				Base,
			);
			mainGroup = D68956DF1FFF89BE00601423;
			productRefGroup = D68956E91FFF89BE00601423 /* Products */;
			projectDirPath = "";
			projectRoot = "";
			targets = (
				D68956E71FFF89BE00601423 /* PingTest */,
				D68956FB1FFF89BE00601423 /* PingTestTests */,
				D68957061FFF89BE00601423 /* PingTestUITests */,
			);
		};
/* End PBXProject section */

/* Begin PBXResourcesBuildPhase section */
		D68956E61FFF89BE00601423 /* Resources */ = {
			isa = PBXResourcesBuildPhase;
			buildActionMask = 2147483647;
			files = (
				D68956F61FFF89BE00601423 /* LaunchScreen.storyboard in Resources */,
				D68956F31FFF89BE00601423 /* Assets.xcassets in Resources */,
				D68956F11FFF89BE00601423 /* Main.storyboard in Resources */,
				D6895C821FFF8AA900601423 /* Pingpp.bundle in Resources */,
				D6895D5B1FFF8AAA00601423 /* AlipaySDK.bundle in Resources */,
			);
			runOnlyForDeploymentPostprocessing = 0;
		};
		D68956FA1FFF89BE00601423 /* Resources */ = {
			isa = PBXResourcesBuildPhase;
			buildActionMask = 2147483647;
			files = (
			);
			runOnlyForDeploymentPostprocessing = 0;
		};
		D68957051FFF89BE00601423 /* Resources */ = {
			isa = PBXResourcesBuildPhase;
			buildActionMask = 2147483647;
			files = (
			);
			runOnlyForDeploymentPostprocessing = 0;
		};
/* End PBXResourcesBuildPhase section */

/* Begin PBXSourcesBuildPhase section */
		D68956E41FFF89BE00601423 /* Sources */ = {
			isa = PBXSourcesBuildPhase;
			buildActionMask = 2147483647;
			files = (
				D68956EE1FFF89BE00601423 /* ViewController.swift in Sources */,
				D68956EC1FFF89BE00601423 /* AppDelegate.swift in Sources */,
			);
			runOnlyForDeploymentPostprocessing = 0;
		};
		D68956F81FFF89BE00601423 /* Sources */ = {
			isa = PBXSourcesBuildPhase;
			buildActionMask = 2147483647;
			files = (
				D68957011FFF89BE00601423 /* PingTestTests.swift in Sources */,
			);
			runOnlyForDeploymentPostprocessing = 0;
		};
		D68957031FFF89BE00601423 /* Sources */ = {
			isa = PBXSourcesBuildPhase;
			buildActionMask = 2147483647;
			files = (
				D689570C1FFF89BE00601423 /* PingTestUITests.swift in Sources */,
			);
			runOnlyForDeploymentPostprocessing = 0;
		};
/* End PBXSourcesBuildPhase section */

/* Begin PBXTargetDependency section */
		D68956FE1FFF89BE00601423 /* PBXTargetDependency */ = {
			isa = PBXTargetDependency;
			target = D68956E71FFF89BE00601423 /* PingTest */;
			targetProxy = D68956FD1FFF89BE00601423 /* PBXContainerItemProxy */;
		};
		D68957091FFF89BE00601423 /* PBXTargetDependency */ = {
			isa = PBXTargetDependency;
			target = D68956E71FFF89BE00601423 /* PingTest */;
			targetProxy = D68957081FFF89BE00601423 /* PBXContainerItemProxy */;
		};
/* End PBXTargetDependency section */

/* Begin PBXVariantGroup section */
		D68956EF1FFF89BE00601423 /* Main.storyboard */ = {
			isa = PBXVariantGroup;
			children = (
				D68956F01FFF89BE00601423 /* Base */,
			);
			name = Main.storyboard;
			sourceTree = "<group>";
		};
		D68956F41FFF89BE00601423 /* LaunchScreen.storyboard */ = {
			isa = PBXVariantGroup;
			children = (
				D68956F51FFF89BE00601423 /* Base */,
			);
			name = LaunchScreen.storyboard;
			sourceTree = "<group>";
		};
/* End PBXVariantGroup section */

/* Begin XCBuildConfiguration section */
		D689570E1FFF89BE00601423 /* Debug */ = {
			isa = XCBuildConfiguration;
			buildSettings = {
				ALWAYS_SEARCH_USER_PATHS = NO;
				CLANG_ANALYZER_NONNULL = YES;
				CLANG_ANALYZER_NUMBER_OBJECT_CONVERSION = YES_AGGRESSIVE;
				CLANG_CXX_LANGUAGE_STANDARD = "gnu++14";
				CLANG_CXX_LIBRARY = "libc++";
				CLANG_ENABLE_MODULES = YES;
				CLANG_ENABLE_OBJC_ARC = YES;
				CLANG_WARN_BLOCK_CAPTURE_AUTORELEASING = YES;
				CLANG_WARN_BOOL_CONVERSION = YES;
				CLANG_WARN_COMMA = YES;
				CLANG_WARN_CONSTANT_CONVERSION = YES;
				CLANG_WARN_DIRECT_OBJC_ISA_USAGE = YES_ERROR;
				CLANG_WARN_DOCUMENTATION_COMMENTS = YES;
				CLANG_WARN_EMPTY_BODY = YES;
				CLANG_WARN_ENUM_CONVERSION = YES;
				CLANG_WARN_INFINITE_RECURSION = YES;
				CLANG_WARN_INT_CONVERSION = YES;
				CLANG_WARN_NON_LITERAL_NULL_CONVERSION = YES;
				CLANG_WARN_OBJC_LITERAL_CONVERSION = YES;
				CLANG_WARN_OBJC_ROOT_CLASS = YES_ERROR;
				CLANG_WARN_RANGE_LOOP_ANALYSIS = YES;
				CLANG_WARN_STRICT_PROTOTYPES = YES;
				CLANG_WARN_SUSPICIOUS_MOVE = YES;
				CLANG_WARN_UNGUARDED_AVAILABILITY = YES_AGGRESSIVE;
				CLANG_WARN_UNREACHABLE_CODE = YES;
				CLANG_WARN__DUPLICATE_METHOD_MATCH = YES;
				CODE_SIGN_IDENTITY = "iPhone Developer";
				COPY_PHASE_STRIP = NO;
				DEBUG_INFORMATION_FORMAT = dwarf;
				ENABLE_STRICT_OBJC_MSGSEND = YES;
				ENABLE_TESTABILITY = YES;
				GCC_C_LANGUAGE_STANDARD = gnu11;
				GCC_DYNAMIC_NO_PIC = NO;
				GCC_NO_COMMON_BLOCKS = YES;
				GCC_OPTIMIZATION_LEVEL = 0;
				GCC_PREPROCESSOR_DEFINITIONS = (
					"DEBUG=1",
					"$(inherited)",
				);
				GCC_WARN_64_TO_32_BIT_CONVERSION = YES;
				GCC_WARN_ABOUT_RETURN_TYPE = YES_ERROR;
				GCC_WARN_UNDECLARED_SELECTOR = YES;
				GCC_WARN_UNINITIALIZED_AUTOS = YES_AGGRESSIVE;
				GCC_WARN_UNUSED_FUNCTION = YES;
				GCC_WARN_UNUSED_VARIABLE = YES;
				IPHONEOS_DEPLOYMENT_TARGET = 11.2;
				MTL_ENABLE_DEBUG_INFO = YES;
				ONLY_ACTIVE_ARCH = YES;
				SDKROOT = iphoneos;
				SWIFT_ACTIVE_COMPILATION_CONDITIONS = DEBUG;
				SWIFT_OPTIMIZATION_LEVEL = "-Onone";
			};
			name = Debug;
		};
		D689570F1FFF89BE00601423 /* Release */ = {
			isa = XCBuildConfiguration;
			buildSettings = {
				ALWAYS_SEARCH_USER_PATHS = NO;
				CLANG_ANALYZER_NONNULL = YES;
				CLANG_ANALYZER_NUMBER_OBJECT_CONVERSION = YES_AGGRESSIVE;
				CLANG_CXX_LANGUAGE_STANDARD = "gnu++14";
				CLANG_CXX_LIBRARY = "libc++";
				CLANG_ENABLE_MODULES = YES;
				CLANG_ENABLE_OBJC_ARC = YES;
				CLANG_WARN_BLOCK_CAPTURE_AUTORELEASING = YES;
				CLANG_WARN_BOOL_CONVERSION = YES;
				CLANG_WARN_COMMA = YES;
				CLANG_WARN_CONSTANT_CONVERSION = YES;
				CLANG_WARN_DIRECT_OBJC_ISA_USAGE = YES_ERROR;
				CLANG_WARN_DOCUMENTATION_COMMENTS = YES;
				CLANG_WARN_EMPTY_BODY = YES;
				CLANG_WARN_ENUM_CONVERSION = YES;
				CLANG_WARN_INFINITE_RECURSION = YES;
				CLANG_WARN_INT_CONVERSION = YES;
				CLANG_WARN_NON_LITERAL_NULL_CONVERSION = YES;
				CLANG_WARN_OBJC_LITERAL_CONVERSION = YES;
				CLANG_WARN_OBJC_ROOT_CLASS = YES_ERROR;
				CLANG_WARN_RANGE_LOOP_ANALYSIS = YES;
				CLANG_WARN_STRICT_PROTOTYPES = YES;
				CLANG_WARN_SUSPICIOUS_MOVE = YES;
				CLANG_WARN_UNGUARDED_AVAILABILITY = YES_AGGRESSIVE;
				CLANG_WARN_UNREACHABLE_CODE = YES;
				CLANG_WARN__DUPLICATE_METHOD_MATCH = YES;
				CODE_SIGN_IDENTITY = "iPhone Developer";
				COPY_PHASE_STRIP = NO;
				DEBUG_INFORMATION_FORMAT = "dwarf-with-dsym";
				ENABLE_NS_ASSERTIONS = NO;
				ENABLE_STRICT_OBJC_MSGSEND = YES;
				GCC_C_LANGUAGE_STANDARD = gnu11;
				GCC_NO_COMMON_BLOCKS = YES;
				GCC_WARN_64_TO_32_BIT_CONVERSION = YES;
				GCC_WARN_ABOUT_RETURN_TYPE = YES_ERROR;
				GCC_WARN_UNDECLARED_SELECTOR = YES;
				GCC_WARN_UNINITIALIZED_AUTOS = YES_AGGRESSIVE;
				GCC_WARN_UNUSED_FUNCTION = YES;
				GCC_WARN_UNUSED_VARIABLE = YES;
				IPHONEOS_DEPLOYMENT_TARGET = 11.2;
				MTL_ENABLE_DEBUG_INFO = NO;
				SDKROOT = iphoneos;
				SWIFT_OPTIMIZATION_LEVEL = "-Owholemodule";
				VALIDATE_PRODUCT = YES;
			};
			name = Release;
		};
		D68957111FFF89BE00601423 /* Debug */ = {
			isa = XCBuildConfiguration;
			buildSettings = {
				ASSETCATALOG_COMPILER_APPICON_NAME = AppIcon;
				CLANG_ENABLE_MODULES = YES;
				CODE_SIGN_STYLE = Automatic;
				DEVELOPMENT_TEAM = GM2EX5ALF4;
				ENABLE_BITCODE = NO;
				FRAMEWORK_SEARCH_PATHS = (
					"$(inherited)",
					"$(PROJECT_DIR)/PingTest/lib/Channels/CmbWallet",
					"$(PROJECT_DIR)/PingTest/lib/Channels/Alipay",
				);
				INFOPLIST_FILE = PingTest/Info.plist;
				LD_RUNPATH_SEARCH_PATHS = "$(inherited) @executable_path/Frameworks";
				LIBRARY_SEARCH_PATHS = (
					"$(inherited)",
					"$(PROJECT_DIR)/PingTest/lib",
					"$(PROJECT_DIR)/PingTest/lib/Dependencies/Network",
					"$(PROJECT_DIR)/PingTest/lib/Dependencies/WebView",
					"$(PROJECT_DIR)/PingTest/lib/One",
					"$(PROJECT_DIR)/PingTest/lib/Channels/CmbWallet",
					"$(PROJECT_DIR)/PingTest/lib/Channels/QQWallet",
					"$(PROJECT_DIR)/PingTest/lib/Channels/Jdpay",
					"$(PROJECT_DIR)/PingTest/lib/Channels/Yeepay",
					"$(PROJECT_DIR)/PingTest/lib/Channels/BfbWap",
					"$(PROJECT_DIR)/PingTest/lib/Channels/Alipay",
					"$(PROJECT_DIR)/PingTest/lib/Channels/ApplePay",
					"$(PROJECT_DIR)/PingTest/lib/Channels/UnionPay",
				);
				OTHER_LDFLAGS = (
					"-ObjC",
					"-all_load",
				);
				PRODUCT_BUNDLE_IDENTIFIER = zhaohongya.PingTest;
				PRODUCT_NAME = "$(TARGET_NAME)";
				SWIFT_OBJC_BRIDGING_HEADER = "PingTest/PingTest-Bridging-Header.h";
				SWIFT_OPTIMIZATION_LEVEL = "-Onone";
				SWIFT_VERSION = 4.0;
				TARGETED_DEVICE_FAMILY = "1,2";
			};
			name = Debug;
		};
		D68957121FFF89BE00601423 /* Release */ = {
			isa = XCBuildConfiguration;
			buildSettings = {
				ASSETCATALOG_COMPILER_APPICON_NAME = AppIcon;
				CLANG_ENABLE_MODULES = YES;
				CODE_SIGN_STYLE = Automatic;
				DEVELOPMENT_TEAM = GM2EX5ALF4;
				ENABLE_BITCODE = NO;
				FRAMEWORK_SEARCH_PATHS = (
					"$(inherited)",
					"$(PROJECT_DIR)/PingTest/lib/Channels/CmbWallet",
					"$(PROJECT_DIR)/PingTest/lib/Channels/Alipay",
				);
				INFOPLIST_FILE = PingTest/Info.plist;
				LD_RUNPATH_SEARCH_PATHS = "$(inherited) @executable_path/Frameworks";
				LIBRARY_SEARCH_PATHS = (
					"$(inherited)",
					"$(PROJECT_DIR)/PingTest/lib",
					"$(PROJECT_DIR)/PingTest/lib/Dependencies/Network",
					"$(PROJECT_DIR)/PingTest/lib/Dependencies/WebView",
					"$(PROJECT_DIR)/PingTest/lib/One",
					"$(PROJECT_DIR)/PingTest/lib/Channels/CmbWallet",
					"$(PROJECT_DIR)/PingTest/lib/Channels/QQWallet",
					"$(PROJECT_DIR)/PingTest/lib/Channels/Jdpay",
					"$(PROJECT_DIR)/PingTest/lib/Channels/Yeepay",
					"$(PROJECT_DIR)/PingTest/lib/Channels/BfbWap",
					"$(PROJECT_DIR)/PingTest/lib/Channels/Alipay",
					"$(PROJECT_DIR)/PingTest/lib/Channels/ApplePay",
					"$(PROJECT_DIR)/PingTest/lib/Channels/UnionPay",
				);
				OTHER_LDFLAGS = (
					"-ObjC",
					"-all_load",
				);
				PRODUCT_BUNDLE_IDENTIFIER = zhaohongya.PingTest;
				PRODUCT_NAME = "$(TARGET_NAME)";
				SWIFT_OBJC_BRIDGING_HEADER = "PingTest/PingTest-Bridging-Header.h";
				SWIFT_VERSION = 4.0;
				TARGETED_DEVICE_FAMILY = "1,2";
			};
			name = Release;
		};
		D68957141FFF89BE00601423 /* Debug */ = {
			isa = XCBuildConfiguration;
			buildSettings = {
				ALWAYS_EMBED_SWIFT_STANDARD_LIBRARIES = YES;
				BUNDLE_LOADER = "$(TEST_HOST)";
				CODE_SIGN_STYLE = Automatic;
				DEVELOPMENT_TEAM = GM2EX5ALF4;
				INFOPLIST_FILE = PingTestTests/Info.plist;
				LD_RUNPATH_SEARCH_PATHS = "$(inherited) @executable_path/Frameworks @loader_path/Frameworks";
				PRODUCT_BUNDLE_IDENTIFIER = zhaohongya.PingTestTests;
				PRODUCT_NAME = "$(TARGET_NAME)";
				SWIFT_VERSION = 4.0;
				TARGETED_DEVICE_FAMILY = "1,2";
				TEST_HOST = "$(BUILT_PRODUCTS_DIR)/PingTest.app/PingTest";
			};
			name = Debug;
		};
		D68957151FFF89BE00601423 /* Release */ = {
			isa = XCBuildConfiguration;
			buildSettings = {
				ALWAYS_EMBED_SWIFT_STANDARD_LIBRARIES = YES;
				BUNDLE_LOADER = "$(TEST_HOST)";
				CODE_SIGN_STYLE = Automatic;
				DEVELOPMENT_TEAM = GM2EX5ALF4;
				INFOPLIST_FILE = PingTestTests/Info.plist;
				LD_RUNPATH_SEARCH_PATHS = "$(inherited) @executable_path/Frameworks @loader_path/Frameworks";
				PRODUCT_BUNDLE_IDENTIFIER = zhaohongya.PingTestTests;
				PRODUCT_NAME = "$(TARGET_NAME)";
				SWIFT_VERSION = 4.0;
				TARGETED_DEVICE_FAMILY = "1,2";
				TEST_HOST = "$(BUILT_PRODUCTS_DIR)/PingTest.app/PingTest";
			};
			name = Release;
		};
		D68957171FFF89BE00601423 /* Debug */ = {
			isa = XCBuildConfiguration;
			buildSettings = {
				ALWAYS_EMBED_SWIFT_STANDARD_LIBRARIES = YES;
				CODE_SIGN_STYLE = Automatic;
				DEVELOPMENT_TEAM = GM2EX5ALF4;
				INFOPLIST_FILE = PingTestUITests/Info.plist;
				LD_RUNPATH_SEARCH_PATHS = "$(inherited) @executable_path/Frameworks @loader_path/Frameworks";
				PRODUCT_BUNDLE_IDENTIFIER = zhaohongya.PingTestUITests;
				PRODUCT_NAME = "$(TARGET_NAME)";
				SWIFT_VERSION = 4.0;
				TARGETED_DEVICE_FAMILY = "1,2";
				TEST_TARGET_NAME = PingTest;
			};
			name = Debug;
		};
		D68957181FFF89BE00601423 /* Release */ = {
			isa = XCBuildConfiguration;
			buildSettings = {
				ALWAYS_EMBED_SWIFT_STANDARD_LIBRARIES = YES;
				CODE_SIGN_STYLE = Automatic;
				DEVELOPMENT_TEAM = GM2EX5ALF4;
				INFOPLIST_FILE = PingTestUITests/Info.plist;
				LD_RUNPATH_SEARCH_PATHS = "$(inherited) @executable_path/Frameworks @loader_path/Frameworks";
				PRODUCT_BUNDLE_IDENTIFIER = zhaohongya.PingTestUITests;
				PRODUCT_NAME = "$(TARGET_NAME)";
				SWIFT_VERSION = 4.0;
				TARGETED_DEVICE_FAMILY = "1,2";
				TEST_TARGET_NAME = PingTest;
			};
			name = Release;
		};
/* End XCBuildConfiguration section */

/* Begin XCConfigurationList section */
		D68956E31FFF89BE00601423 /* Build configuration list for PBXProject "PingTest" */ = {
			isa = XCConfigurationList;
			buildConfigurations = (
				D689570E1FFF89BE00601423 /* Debug */,
				D689570F1FFF89BE00601423 /* Release */,
			);
			defaultConfigurationIsVisible = 0;
			defaultConfigurationName = Release;
		};
		D68957101FFF89BE00601423 /* Build configuration list for PBXNativeTarget "PingTest" */ = {
			isa = XCConfigurationList;
			buildConfigurations = (
				D68957111FFF89BE00601423 /* Debug */,
				D68957121FFF89BE00601423 /* Release */,
			);
			defaultConfigurationIsVisible = 0;
			defaultConfigurationName = Release;
		};
		D68957131FFF89BE00601423 /* Build configuration list for PBXNativeTarget "PingTestTests" */ = {
			isa = XCConfigurationList;
			buildConfigurations = (
				D68957141FFF89BE00601423 /* Debug */,
				D68957151FFF89BE00601423 /* Release */,
			);
			defaultConfigurationIsVisible = 0;
			defaultConfigurationName = Release;
		};
		D68957161FFF89BE00601423 /* Build configuration list for PBXNativeTarget "PingTestUITests" */ = {
			isa = XCConfigurationList;
			buildConfigurations = (
				D68957171FFF89BE00601423 /* Debug */,
				D68957181FFF89BE00601423 /* Release */,
			);
			defaultConfigurationIsVisible = 0;
			defaultConfigurationName = Release;
		};
/* End XCConfigurationList section */
	};
	rootObject = D68956E01FFF89BE00601423 /* Project object */;
}
